
Microsoft Visual Studio Solution File, Format Version 12.00
# Visual Studio Version 17
VisualStudioVersion = 17.4.33213.308
MinimumVisualStudioVersion = 10.0.40219.1
Project("{6EC3EE1D-3C4E-46DD-8F32-0CC8E7565705}") = "UnitTests", "src\Tests\UnitTests\UnitTests.fsproj", "{F0F5D65C-4237-4441-86D1-13640FED87C7}"
EndProject
Project("{2150E333-8FDC-42A3-9474-1A3956D46DE8}") = "Solution Items", "Solution Items", "{83BAB588-21D5-49A5-BCE1-D5B96D7B3AAE}"
	ProjectSection(SolutionItems) = preProject
		.github\workflows\deploy-pr.yml = .github\workflows\deploy-pr.yml
		.github\workflows\deploy.yml = .github\workflows\deploy.yml
		README.md = README.md
	EndProjectSection
EndProject
Project("{2150E333-8FDC-42A3-9474-1A3956D46DE8}") = "Tests", "Tests", "{E764D212-E5D1-4CBB-B3BA-8D1BE01C5027}"
EndProject
Project("{6EC3EE1D-3C4E-46DD-8F32-0CC8E7565705}") = "KrakenApiClient", "src\KrakenApiClient\KrakenApiClient.fsproj", "{A5B82632-388A-4F4B-8042-9D2CBBC0B8D1}"
EndProject
Project("{9A19103F-16F7-4668-BE54-9A1E7A4F7556}") = "Examples", "src\Examples\Examples.csproj", "{3D17C89E-E6A2-465A-9634-1C493828A867}"
EndProject
Project("{6EC3EE1D-3C4E-46DD-8F32-0CC8E7565705}") = "IntegrationTests", "src\Tests\IntegrationTests\IntegrationTests.fsproj", "{97033921-C512-46D4-A08D-849AADE7F5B4}"
EndProject
Global
	GlobalSection(SolutionConfigurationPlatforms) = preSolution
		Debug|Any CPU = Debug|Any CPU
		Release|Any CPU = Release|Any CPU
	EndGlobalSection
	GlobalSection(ProjectConfigurationPlatforms) = postSolution
		{F0F5D65C-4237-4441-86D1-13640FED87C7}.Debug|Any CPU.ActiveCfg = Debug|Any CPU
		{F0F5D65C-4237-4441-86D1-13640FED87C7}.Debug|Any CPU.Build.0 = Debug|Any CPU
		{F0F5D65C-4237-4441-86D1-13640FED87C7}.Release|Any CPU.ActiveCfg = Release|Any CPU
		{F0F5D65C-4237-4441-86D1-13640FED87C7}.Release|Any CPU.Build.0 = Release|Any CPU
		{A5B82632-388A-4F4B-8042-9D2CBBC0B8D1}.Debug|Any CPU.ActiveCfg = Debug|Any CPU
		{A5B82632-388A-4F4B-8042-9D2CBBC0B8D1}.Debug|Any CPU.Build.0 = Debug|Any CPU
		{A5B82632-388A-4F4B-8042-9D2CBBC0B8D1}.Release|Any CPU.ActiveCfg = Release|Any CPU
		{A5B82632-388A-4F4B-8042-9D2CBBC0B8D1}.Release|Any CPU.Build.0 = Release|Any CPU
		{3D17C89E-E6A2-465A-9634-1C493828A867}.Debug|Any CPU.ActiveCfg = Debug|Any CPU
		{3D17C89E-E6A2-465A-9634-1C493828A867}.Debug|Any CPU.Build.0 = Debug|Any CPU
		{3D17C89E-E6A2-465A-9634-1C493828A867}.Release|Any CPU.ActiveCfg = Release|Any CPU
		{3D17C89E-E6A2-465A-9634-1C493828A867}.Release|Any CPU.Build.0 = Release|Any CPU
		{97033921-C512-46D4-A08D-849AADE7F5B4}.Debug|Any CPU.ActiveCfg = Debug|Any CPU
		{97033921-C512-46D4-A08D-849AADE7F5B4}.Debug|Any CPU.Build.0 = Debug|Any CPU
		{97033921-C512-46D4-A08D-849AADE7F5B4}.Release|Any CPU.ActiveCfg = Release|Any CPU
		{97033921-C512-46D4-A08D-849AADE7F5B4}.Release|Any CPU.Build.0 = Release|Any CPU
	EndGlobalSection
	GlobalSection(SolutionProperties) = preSolution
		HideSolutionNode = FALSE
	EndGlobalSection
	GlobalSection(NestedProjects) = preSolution
		{F0F5D65C-4237-4441-86D1-13640FED87C7} = {E764D212-E5D1-4CBB-B3BA-8D1BE01C5027}
		{97033921-C512-46D4-A08D-849AADE7F5B4} = {E764D212-E5D1-4CBB-B3BA-8D1BE01C5027}
	EndGlobalSection
	GlobalSection(ExtensibilityGlobals) = postSolution
		SolutionGuid = {BBA353E5-A625-41E9-BBDA-3A9A38F4D24E}
	EndGlobalSection
EndGlobal
